# This file was autogenerated by Stack.
# You should not edit this file by hand.
# For more information, please see the documentation at:
#   https://docs.haskellstack.org/en/stable/lock_files

packages:
- completed:
    hackage: mr-env-0.1.0.5@sha256:9e5d001fc4d61db731d87cab9be1b415f7f76a5ed9b22cb15ab228a0efc9d5a2,1053
    pantry-tree:
      sha256: 12a7db5ae9ff1d5fe898faf4dfabc157e6e1545ffc70aa8b3eb8c8f067c04aaa
      size: 376
  original:
    hackage: mr-env-0.1.0.5@sha256:9e5d001fc4d61db731d87cab9be1b415f7f76a5ed9b22cb15ab228a0efc9d5a2,1053
snapshots:
- completed:
    sha256: abcc4a65c15c7c2313f1a87f01bfd4d910516e1930b99653eef1d2d006515916
    size: 640074
    url: https://raw.githubusercontent.com/commercialhaskell/stackage-snapshots/master/lts/21/24.yaml
  original:
    url: https://raw.githubusercontent.com/commercialhaskell/stackage-snapshots/master/lts/21/24.yaml
